
Microsoft Visual Studio Solution File, Format Version 12.00
# Visual Studio Version 16
VisualStudioVersion = 16.0.30330.147
MinimumVisualStudioVersion = 10.0.40219.1
Project("{FAE04EC0-301F-11D3-BF4B-00C04F79EFBC}") = "registration", "registration\registration.csproj", "{04EB6C37-CF8D-4D00-BFA6-AB80D04AB37A}"
EndProject
Global
	GlobalSection(SolutionConfigurationPlatforms) = preSolution
		Debug|Any CPU = Debug|Any CPU
		Release|Any CPU = Release|Any CPU
	EndGlobalSection
	GlobalSection(ProjectConfigurationPlatforms) = postSolution
		{04EB6C37-CF8D-4D00-BFA6-AB80D04AB37A}.Debug|Any CPU.ActiveCfg = Debug|Any CPU
		{04EB6C37-CF8D-4D00-BFA6-AB80D04AB37A}.Debug|Any CPU.Build.0 = Debug|Any CPU
		{04EB6C37-CF8D-4D00-BFA6-AB80D04AB37A}.Release|Any CPU.ActiveCfg = Release|Any CPU
		{04EB6C37-CF8D-4D00-BFA6-AB80D04AB37A}.Release|Any CPU.Build.0 = Release|Any CPU
	EndGlobalSection
	GlobalSection(SolutionProperties) = preSolution
		HideSolutionNode = FALSE
	EndGlobalSection
	GlobalSection(ExtensibilityGlobals) = postSolution
		SolutionGuid = {F568BCCE-B618-4900-A41B-E9399A0EC9F4}
	EndGlobalSection
EndGlobal
